Microsoft Visual Studio Solution File, Format Version 12.00
# Visual Studio Version 17
VisualStudioVersion = 17.5.2.0
MinimumVisualStudioVersion = 10.0.40219.1
Project("{2150E333-8FDC-42A3-9474-1A3956D46DE8}") = "MyMcpServer", "MyMcpServer", "{F470FB25-B2BF-6197-2F9C-2F74B606BF6E}"
EndProject
Project("{FAE04EC0-301F-11D3-BF4B-00C04F79EFBC}") = "MyMcpServer", "MyMcpServer\MyMcpServer.csproj", "{27D65045-B0FF-0560-1E97-5E38C987007F}"
EndProject
Project("{FAE04EC0-301F-11D3-BF4B-00C04F79EFBC}") = "MyMcpSseServer", "MyMcpSseServer\MyMcpSseServer.csproj", "{A1B2C3D4-E5F6-7890-1234-56789ABCDEF0}"
EndProject
Global
	GlobalSection(SolutionConfigurationPlatforms) = preSolution
		Debug|Any CPU = Debug|Any CPU
		Release|Any CPU = Release|Any CPU
	EndGlobalSection
	GlobalSection(ProjectConfigurationPlatforms) = postSolution
		{27D65045-B0FF-0560-1E97-5E38C987007F}.Debug|Any CPU.ActiveCfg = Debug|Any CPU
		{27D65045-B0FF-0560-1E97-5E38C987007F}.Debug|Any CPU.Build.0 = Debug|Any CPU
		{27D65045-B0FF-0560-1E97-5E38C987007F}.Release|Any CPU.ActiveCfg = Release|Any CPU
		{27D65045-B0FF-0560-1E97-5E38C987007F}.Release|Any CPU.Build.0 = Release|Any CPU
		{A1B2C3D4-E5F6-7890-1234-56789ABCDEF0}.Debug|Any CPU.ActiveCfg = Debug|Any CPU
		{A1B2C3D4-E5F6-7890-1234-56789ABCDEF0}.Debug|Any CPU.Build.0 = Debug|Any CPU
		{A1B2C3D4-E5F6-7890-1234-56789ABCDEF0}.Release|Any CPU.ActiveCfg = Release|Any CPU
		{A1B2C3D4-E5F6-7890-1234-56789ABCDEF0}.Release|Any CPU.Build.0 = Release|Any CPU
	EndGlobalSection
	GlobalSection(SolutionProperties) = preSolution
		HideSolutionNode = FALSE
	EndGlobalSection
	GlobalSection(NestedProjects) = preSolution
		{27D65045-B0FF-0560-1E97-5E38C987007F} = {F470FB25-B2BF-6197-2F9C-2F74B606BF6E}
	EndGlobalSection
	GlobalSection(ExtensibilityGlobals) = postSolution
		SolutionGuid = {5B98C1FB-6FBF-48AB-ACAE-F1AF1CA2E949}
	EndGlobalSection
EndGlobal
